
Microsoft Visual Studio Solution File, Format Version 12.00
# Visual Studio Version 16
VisualStudioVersion = 16.0.29020.237
MinimumVisualStudioVersion = 10.0.40219.1
Project("{FAE04EC0-301F-11D3-BF4B-00C04F79EFBC}") = "OrdersApi", "OrdersApi\OrdersApi.csproj", "{BDFA154A-D5EE-4131-86B4-57DE2C895E15}"
EndProject
Global
	GlobalSection(SolutionConfigurationPlatforms) = preSolution
		Debug|Any CPU = Debug|Any CPU
		Release|Any CPU = Release|Any CPU
	EndGlobalSection
	GlobalSection(ProjectConfigurationPlatforms) = postSolution
		{BDFA154A-D5EE-4131-86B4-57DE2C895E15}.Debug|Any CPU.ActiveCfg = Debug|Any CPU
		{BDFA154A-D5EE-4131-86B4-57DE2C895E15}.Debug|Any CPU.Build.0 = Debug|Any CPU
		{BDFA154A-D5EE-4131-86B4-57DE2C895E15}.Release|Any CPU.ActiveCfg = Release|Any CPU
		{BDFA154A-D5EE-4131-86B4-57DE2C895E15}.Release|Any CPU.Build.0 = Release|Any CPU
	EndGlobalSection
	GlobalSection(SolutionProperties) = preSolution
		HideSolutionNode = FALSE
	EndGlobalSection
	GlobalSection(ExtensibilityGlobals) = postSolution
		SolutionGuid = {E849891E-7BB6-4227-9EA0-5A3E7AAB1C0D}
	EndGlobalSection
EndGlobal
